<Solution>
  <Folder Name="/XCRM.api/">
    <Project Path="XCRM.api/XCRM.Api.csproj" />
  </Folder>
  <Project Path="XCRM.Application/XCRM.Application.csproj" />
  <Project Path="XCRM.Domain/XCRM.Domain.csproj" />
  <Project Path="XCRM.Infrastructure/XCRM.Infrastructure.csproj" />
  <Project Path="XCRM.Shared/XCRM.Shared.csproj" />
</Solution>
